// !$*UTF8*$!
{
	archiveVersion = 1;
	classes = {
	};
	objectVersion = 46;
	objects = {

/* Begin PBXBuildFile section */
		A2878E939491ECD87EAEB07D /* Pods_SocialApp.framework in Frameworks */ = {isa = PBXBuildFile; fileRef = F894494FC3F1EB58ABF37370 /* Pods_SocialApp.framework */; };
		ABE58A681EF554D700A93794 /* AppDelegate.swift in Sources */ = {isa = PBXBuildFile; fileRef = ABE58A671EF554D700A93794 /* AppDelegate.swift */; };
		ABE58A6A1EF554D700A93794 /* SignInVC.swift in Sources */ = {isa = PBXBuildFile; fileRef = ABE58A691EF554D700A93794 /* SignInVC.swift */; };
		ABE58A6D1EF554D700A93794 /* Main.storyboard in Resources */ = {isa = PBXBuildFile; fileRef = ABE58A6B1EF554D700A93794 /* Main.storyboard */; };
		ABE58A6F1EF554D700A93794 /* Assets.xcassets in Resources */ = {isa = PBXBuildFile; fileRef = ABE58A6E1EF554D700A93794 /* Assets.xcassets */; };
		ABE58A721EF554D700A93794 /* LaunchScreen.storyboard in Resources */ = {isa = PBXBuildFile; fileRef = ABE58A701EF554D700A93794 /* LaunchScreen.storyboard */; };
		ABE58A7A1EF5559400A93794 /* GoogleService-Info.plist in Resources */ = {isa = PBXBuildFile; fileRef = ABE58A791EF5559400A93794 /* GoogleService-Info.plist */; };
/* End PBXBuildFile section */

/* Begin PBXFileReference section */
		4DFB19C5DA5341553C9EEFD4 /* Pods-SocialApp.debug.xcconfig */ = {isa = PBXFileReference; includeInIndex = 1; lastKnownFileType = text.xcconfig; name = "Pods-SocialApp.debug.xcconfig"; path = "Pods/Target Support Files/Pods-SocialApp/Pods-SocialApp.debug.xcconfig"; sourceTree = "<group>"; };
		ABE58A641EF554D700A93794 /* SocialApp.app */ = {isa = PBXFileReference; explicitFileType = wrapper.application; includeInIndex = 0; path = SocialApp.app; sourceTree = BUILT_PRODUCTS_DIR; };
		ABE58A671EF554D700A93794 /* AppDelegate.swift */ = {isa = PBXFileReference; lastKnownFileType = sourcecode.swift; path = AppDelegate.swift; sourceTree = "<group>"; };
		ABE58A691EF554D700A93794 /* SignInVC.swift */ = {isa = PBXFileReference; lastKnownFileType = sourcecode.swift; path = SignInVC.swift; sourceTree = "<group>"; };
		ABE58A6C1EF554D700A93794 /* Base */ = {isa = PBXFileReference; lastKnownFileType = file.storyboard; name = Base; path = Base.lproj/Main.storyboard; sourceTree = "<group>"; };
		ABE58A6E1EF554D700A93794 /* Assets.xcassets */ = {isa = PBXFileReference; lastKnownFileType = folder.assetcatalog; path = Assets.xcassets; sourceTree = "<group>"; };
		ABE58A711EF554D700A93794 /* Base */ = {isa = PBXFileReference; lastKnownFileType = file.storyboard; name = Base; path = Base.lproj/LaunchScreen.storyboard; sourceTree = "<group>"; };
		ABE58A731EF554D700A93794 /* Info.plist */ = {isa = PBXFileReference; lastKnownFileType = text.plist.xml; path = Info.plist; sourceTree = "<group>"; };
		ABE58A791EF5559400A93794 /* GoogleService-Info.plist */ = {isa = PBXFileReference; fileEncoding = 4; lastKnownFileType = text.plist.xml; path = "GoogleService-Info.plist"; sourceTree = "<group>"; };
		BC9B6B7E8ED5BC0FB67EBE4C /* Pods-SocialApp.release.xcconfig */ = {isa = PBXFileReference; includeInIndex = 1; lastKnownFileType = text.xcconfig; name = "Pods-SocialApp.release.xcconfig"; path = "Pods/Target Support Files/Pods-SocialApp/Pods-SocialApp.release.xcconfig"; sourceTree = "<group>"; };
		F894494FC3F1EB58ABF37370 /* Pods_SocialApp.framework */ = {isa = PBXFileReference; explicitFileType = wrapper.framework; includeInIndex = 0; path = Pods_SocialApp.framework; sourceTree = BUILT_PRODUCTS_DIR; };
/* End PBXFileReference section */

/* Begin PBXFrameworksBuildPhase section */
		ABE58A611EF554D700A93794 /* Frameworks */ = {
			isa = PBXFrameworksBuildPhase;
			buildActionMask = 2147483647;
			files = (
				A2878E939491ECD87EAEB07D /* Pods_SocialApp.framework in Frameworks */,
			);
			runOnlyForDeploymentPostprocessing = 0;
		};
/* End PBXFrameworksBuildPhase section */

/* Begin PBXGroup section */
		58FE163AB13E610F0B1B546F /* Pods */ = {
			isa = PBXGroup;
			children = (
				4DFB19C5DA5341553C9EEFD4 /* Pods-SocialApp.debug.xcconfig */,
				BC9B6B7E8ED5BC0FB67EBE4C /* Pods-SocialApp.release.xcconfig */,
			);
			name = Pods;
			sourceTree = "<group>";
		};
		ABB4275E1EF55807004640E4 /* model */ = {
			isa = PBXGroup;
			children = (
			);
			name = model;
			sourceTree = "<group>";
		};
		ABB4275F1EF55817004640E4 /* view */ = {
			isa = PBXGroup;
			children = (
			);
			name = view;
			sourceTree = "<group>";
		};
		ABB427601EF5581C004640E4 /* controller */ = {
			isa = PBXGroup;
			children = (
				ABE58A691EF554D700A93794 /* SignInVC.swift */,
			);
			name = controller;
			sourceTree = "<group>";
		};
		ABE58A5B1EF554D700A93794 = {
			isa = PBXGroup;
			children = (
				ABE58A661EF554D700A93794 /* SocialApp */,
				ABE58A651EF554D700A93794 /* Products */,
				58FE163AB13E610F0B1B546F /* Pods */,
				F71396EE6E5E5FDA4A1C212B /* Frameworks */,
			);
			sourceTree = "<group>";
		};
		ABE58A651EF554D700A93794 /* Products */ = {
			isa = PBXGroup;
			children = (
				ABE58A641EF554D700A93794 /* SocialApp.app */,
			);
			name = Products;
			sourceTree = "<group>";
		};
		ABE58A661EF554D700A93794 /* SocialApp */ = {
			isa = PBXGroup;
			children = (
				ABB427601EF5581C004640E4 /* controller */,
				ABB4275F1EF55817004640E4 /* view */,
				ABB4275E1EF55807004640E4 /* model */,
				ABE58A671EF554D700A93794 /* AppDelegate.swift */,
				ABE58A6B1EF554D700A93794 /* Main.storyboard */,
				ABE58A6E1EF554D700A93794 /* Assets.xcassets */,
				ABE58A701EF554D700A93794 /* LaunchScreen.storyboard */,
				ABE58A731EF554D700A93794 /* Info.plist */,
				ABE58A791EF5559400A93794 /* GoogleService-Info.plist */,
			);
			path = SocialApp;
			sourceTree = "<group>";
		};
		F71396EE6E5E5FDA4A1C212B /* Frameworks */ = {
			isa = PBXGroup;
			children = (
				F894494FC3F1EB58ABF37370 /* Pods_SocialApp.framework */,
			);
			name = Frameworks;
			sourceTree = "<group>";
		};
/* End PBXGroup section */

/* Begin PBXNativeTarget section */
		ABE58A631EF554D700A93794 /* SocialApp */ = {
			isa = PBXNativeTarget;
			buildConfigurationList = ABE58A761EF554D700A93794 /* Build configuration list for PBXNativeTarget "SocialApp" */;
			buildPhases = (
				9C69D3E9A460BAEF24E11ACE /* [CP] Check Pods Manifest.lock */,
				ABE58A601EF554D700A93794 /* Sources */,
				ABE58A611EF554D700A93794 /* Frameworks */,
				ABE58A621EF554D700A93794 /* Resources */,
				9FDAD98B86CF0BEF6ADE2D8C /* [CP] Embed Pods Frameworks */,
				65911FF2C36CC48A657622C7 /* [CP] Copy Pods Resources */,
			);
			buildRules = (
			);
			dependencies = (
			);
			name = SocialApp;
			productName = SocialApp;
			productReference = ABE58A641EF554D700A93794 /* SocialApp.app */;
			productType = "com.apple.product-type.application";
		};
/* End PBXNativeTarget section */

/* Begin PBXProject section */
		ABE58A5C1EF554D700A93794 /* Project object */ = {
			isa = PBXProject;
			attributes = {
				LastSwiftUpdateCheck = 0830;
				LastUpgradeCheck = 0830;
				ORGANIZATIONNAME = "bogdan razvan";
				TargetAttributes = {
					ABE58A631EF554D700A93794 = {
						CreatedOnToolsVersion = 8.3.3;
						ProvisioningStyle = Automatic;
					};
				};
			};
			buildConfigurationList = ABE58A5F1EF554D700A93794 /* Build configuration list for PBXProject "SocialApp" */;
			compatibilityVersion = "Xcode 3.2";
			developmentRegion = English;
			hasScannedForEncodings = 0;
			knownRegions = (
				en,
				Base,
			);
			mainGroup = ABE58A5B1EF554D700A93794;
			productRefGroup = ABE58A651EF554D700A93794 /* Products */;
			projectDirPath = "";
			projectRoot = "";
			targets = (
				ABE58A631EF554D700A93794 /* SocialApp */,
			);
		};
/* End PBXProject section */

/* Begin PBXResourcesBuildPhase section */
		ABE58A621EF554D700A93794 /* Resources */ = {
			isa = PBXResourcesBuildPhase;
			buildActionMask = 2147483647;
			files = (
				ABE58A721EF554D700A93794 /* LaunchScreen.storyboard in Resources */,
				ABE58A6F1EF554D700A93794 /* Assets.xcassets in Resources */,
				ABE58A7A1EF5559400A93794 /* GoogleService-Info.plist in Resources */,
				ABE58A6D1EF554D700A93794 /* Main.storyboard in Resources */,
			);
			runOnlyForDeploymentPostprocessing = 0;
		};
/* End PBXResourcesBuildPhase section */

/* Begin PBXShellScriptBuildPhase section */
		65911FF2C36CC48A657622C7 /* [CP] Copy Pods Resources */ = {
			isa = PBXShellScriptBuildPhase;
			buildActionMask = 2147483647;
			files = (
			);
			inputPaths = (
			);
			name = "[CP] Copy Pods Resources";
			outputPaths = (
			);
			runOnlyForDeploymentPostprocessing = 0;
			shellPath = /bin/sh;
			shellScript = "\"${SRCROOT}/Pods/Target Support Files/Pods-SocialApp/Pods-SocialApp-resources.sh\"\n";
			showEnvVarsInLog = 0;
		};
		9C69D3E9A460BAEF24E11ACE /* [CP] Check Pods Manifest.lock */ = {
			isa = PBXShellScriptBuildPhase;
			buildActionMask = 2147483647;
			files = (
			);
			inputPaths = (
			);
			name = "[CP] Check Pods Manifest.lock";
			outputPaths = (
			);
			runOnlyForDeploymentPostprocessing = 0;
			shellPath = /bin/sh;
			shellScript = "diff \"${PODS_PODFILE_DIR_PATH}/Podfile.lock\" \"${PODS_ROOT}/Manifest.lock\" > /dev/null\nif [ $? != 0 ] ; then\n    # print error to STDERR\n    echo \"error: The sandbox is not in sync with the Podfile.lock. Run 'pod install' or update your CocoaPods installation.\" >&2\n    exit 1\nfi\n";
			showEnvVarsInLog = 0;
		};
		9FDAD98B86CF0BEF6ADE2D8C /* [CP] Embed Pods Frameworks */ = {
			isa = PBXShellScriptBuildPhase;
			buildActionMask = 2147483647;
			files = (
			);
			inputPaths = (
			);
			name = "[CP] Embed Pods Frameworks";
			outputPaths = (
			);
			runOnlyForDeploymentPostprocessing = 0;
			shellPath = /bin/sh;
			shellScript = "\"${SRCROOT}/Pods/Target Support Files/Pods-SocialApp/Pods-SocialApp-frameworks.sh\"\n";
			showEnvVarsInLog = 0;
		};
/* End PBXShellScriptBuildPhase section */

/* Begin PBXSourcesBuildPhase section */
		ABE58A601EF554D700A93794 /* Sources */ = {
			isa = PBXSourcesBuildPhase;
			buildActionMask = 2147483647;
			files = (
				ABE58A6A1EF554D700A93794 /* SignInVC.swift in Sources */,
				ABE58A681EF554D700A93794 /* AppDelegate.swift in Sources */,
			);
			runOnlyForDeploymentPostprocessing = 0;
		};
/* End PBXSourcesBuildPhase section */

/* Begin PBXVariantGroup section */
		ABE58A6B1EF554D700A93794 /* Main.storyboard */ = {
			isa = PBXVariantGroup;
			children = (
				ABE58A6C1EF554D700A93794 /* Base */,
			);
			name = Main.storyboard;
			sourceTree = "<group>";
		};
		ABE58A701EF554D700A93794 /* LaunchScreen.storyboard */ = {
			isa = PBXVariantGroup;
			children = (
				ABE58A711EF554D700A93794 /* Base */,
			);
			name = LaunchScreen.storyboard;
			sourceTree = "<group>";
		};
/* End PBXVariantGroup section */

/* Begin XCBuildConfiguration section */
		ABE58A741EF554D700A93794 /* Debug */ = {
			isa = XCBuildConfiguration;
			buildSettings = {
				ALWAYS_SEARCH_USER_PATHS = NO;
				CLANG_ANALYZER_NONNULL = YES;
				CLANG_ANALYZER_NUMBER_OBJECT_CONVERSION = YES_AGGRESSIVE;
				CLANG_CXX_LANGUAGE_STANDARD = "gnu++0x";
				CLANG_CXX_LIBRARY = "libc++";
				CLANG_ENABLE_MODULES = YES;
				CLANG_ENABLE_OBJC_ARC = YES;
				CLANG_WARN_BOOL_CONVERSION = YES;
				CLANG_WARN_CONSTANT_CONVERSION = YES;
				CLANG_WARN_DIRECT_OBJC_ISA_USAGE = YES_ERROR;
				CLANG_WARN_DOCUMENTATION_COMMENTS = YES;
				CLANG_WARN_EMPTY_BODY = YES;
				CLANG_WARN_ENUM_CONVERSION = YES;
				CLANG_WARN_INFINITE_RECURSION = YES;
				CLANG_WARN_INT_CONVERSION = YES;
				CLANG_WARN_OBJC_ROOT_CLASS = YES_ERROR;
				CLANG_WARN_SUSPICIOUS_MOVE = YES;
				CLANG_WARN_UNREACHABLE_CODE = YES;
				CLANG_WARN__DUPLICATE_METHOD_MATCH = YES;
				"CODE_SIGN_IDENTITY[sdk=iphoneos*]" = "iPhone Developer";
				COPY_PHASE_STRIP = NO;
				DEBUG_INFORMATION_FORMAT = dwarf;
				ENABLE_STRICT_OBJC_MSGSEND = YES;
				ENABLE_TESTABILITY = YES;
				GCC_C_LANGUAGE_STANDARD = gnu99;
				GCC_DYNAMIC_NO_PIC = NO;
				GCC_NO_COMMON_BLOCKS = YES;
				GCC_OPTIMIZATION_LEVEL = 0;
				GCC_PREPROCESSOR_DEFINITIONS = (
					"DEBUG=1",
					"$(inherited)",
				);
				GCC_WARN_64_TO_32_BIT_CONVERSION = YES;
				GCC_WARN_ABOUT_RETURN_TYPE = YES_ERROR;
				GCC_WARN_UNDECLARED_SELECTOR = YES;
				GCC_WARN_UNINITIALIZED_AUTOS = YES_AGGRESSIVE;
				GCC_WARN_UNUSED_FUNCTION = YES;
				GCC_WARN_UNUSED_VARIABLE = YES;
				IPHONEOS_DEPLOYMENT_TARGET = 10.3;
				MTL_ENABLE_DEBUG_INFO = YES;
				ONLY_ACTIVE_ARCH = YES;
				SDKROOT = iphoneos;
				SWIFT_ACTIVE_COMPILATION_CONDITIONS = DEBUG;
				SWIFT_OPTIMIZATION_LEVEL = "-Onone";
				TARGETED_DEVICE_FAMILY = "1,2";
			};
			name = Debug;
		};
		ABE58A751EF554D700A93794 /* Release */ = {
			isa = XCBuildConfiguration;
			buildSettings = {
				ALWAYS_SEARCH_USER_PATHS = NO;
				CLANG_ANALYZER_NONNULL = YES;
				CLANG_ANALYZER_NUMBER_OBJECT_CONVERSION = YES_AGGRESSIVE;
				CLANG_CXX_LANGUAGE_STANDARD = "gnu++0x";
				CLANG_CXX_LIBRARY = "libc++";
				CLANG_ENABLE_MODULES = YES;
				CLANG_ENABLE_OBJC_ARC = YES;
				CLANG_WARN_BOOL_CONVERSION = YES;
				CLANG_WARN_CONSTANT_CONVERSION = YES;
				CLANG_WARN_DIRECT_OBJC_ISA_USAGE = YES_ERROR;
				CLANG_WARN_DOCUMENTATION_COMMENTS = YES;
				CLANG_WARN_EMPTY_BODY = YES;
				CLANG_WARN_ENUM_CONVERSION = YES;
				CLANG_WARN_INFINITE_RECURSION = YES;
				CLANG_WARN_INT_CONVERSION = YES;
				CLANG_WARN_OBJC_ROOT_CLASS = YES_ERROR;
				CLANG_WARN_SUSPICIOUS_MOVE = YES;
				CLANG_WARN_UNREACHABLE_CODE = YES;
				CLANG_WARN__DUPLICATE_METHOD_MATCH = YES;
				"CODE_SIGN_IDENTITY[sdk=iphoneos*]" = "iPhone Developer";
				COPY_PHASE_STRIP = NO;
				DEBUG_INFORMATION_FORMAT = "dwarf-with-dsym";
				ENABLE_NS_ASSERTIONS = NO;
				ENABLE_STRICT_OBJC_MSGSEND = YES;
				GCC_C_LANGUAGE_STANDARD = gnu99;
				GCC_NO_COMMON_BLOCKS = YES;
				GCC_WARN_64_TO_32_BIT_CONVERSION = YES;
				GCC_WARN_ABOUT_RETURN_TYPE = YES_ERROR;
				GCC_WARN_UNDECLARED_SELECTOR = YES;
				GCC_WARN_UNINITIALIZED_AUTOS = YES_AGGRESSIVE;
				GCC_WARN_UNUSED_FUNCTION = YES;
				GCC_WARN_UNUSED_VARIABLE = YES;
				IPHONEOS_DEPLOYMENT_TARGET = 10.3;
				MTL_ENABLE_DEBUG_INFO = NO;
				SDKROOT = iphoneos;
				SWIFT_OPTIMIZATION_LEVEL = "-Owholemodule";
				TARGETED_DEVICE_FAMILY = "1,2";
				VALIDATE_PRODUCT = YES;
			};
			name = Release;
		};
		ABE58A771EF554D700A93794 /* Debug */ = {
			isa = XCBuildConfiguration;
			baseConfigurationReference = 4DFB19C5DA5341553C9EEFD4 /* Pods-SocialApp.debug.xcconfig */;
			buildSettings = {
				ASSETCATALOG_COMPILER_APPICON_NAME = AppIcon;
				INFOPLIST_FILE = SocialApp/Info.plist;
				LD_RUNPATH_SEARCH_PATHS = "$(inherited) @executable_path/Frameworks";
				PRODUCT_BUNDLE_IDENTIFIER = test.SocialApp;
				PRODUCT_NAME = "$(TARGET_NAME)";
				SWIFT_VERSION = 3.0;
				TARGETED_DEVICE_FAMILY = 1;
			};
			name = Debug;
		};
		ABE58A781EF554D700A93794 /* Release */ = {
			isa = XCBuildConfiguration;
			baseConfigurationReference = BC9B6B7E8ED5BC0FB67EBE4C /* Pods-SocialApp.release.xcconfig */;
			buildSettings = {
				ASSETCATALOG_COMPILER_APPICON_NAME = AppIcon;
				INFOPLIST_FILE = SocialApp/Info.plist;
				LD_RUNPATH_SEARCH_PATHS = "$(inherited) @executable_path/Frameworks";
				PRODUCT_BUNDLE_IDENTIFIER = test.SocialApp;
				PRODUCT_NAME = "$(TARGET_NAME)";
				SWIFT_VERSION = 3.0;
				TARGETED_DEVICE_FAMILY = 1;
			};
			name = Release;
		};
/* End XCBuildConfiguration section */

/* Begin XCConfigurationList section */
		ABE58A5F1EF554D700A93794 /* Build configuration list for PBXProject "SocialApp" */ = {
			isa = XCConfigurationList;
			buildConfigurations = (
				ABE58A741EF554D700A93794 /* Debug */,
				ABE58A751EF554D700A93794 /* Release */,
			);
			defaultConfigurationIsVisible = 0;
			defaultConfigurationName = Release;
		};
		ABE58A761EF554D700A93794 /* Build configuration list for PBXNativeTarget "SocialApp" */ = {
			isa = XCConfigurationList;
			buildConfigurations = (
				ABE58A771EF554D700A93794 /* Debug */,
				ABE58A781EF554D700A93794 /* Release */,
			);
			defaultConfigurationIsVisible = 0;
			defaultConfigurationName = Release;
		};
/* End XCConfigurationList section */
	};
	rootObject = ABE58A5C1EF554D700A93794 /* Project object */;
}
